{
  "name": "app",
  "version": "1.0.0",
  "lockfileVersion": 2,
  "requires": true,
  "packages": {
    "": {
      "name": "app",
      "version": "1.0.0",
      "license": "ISC",
      "dependencies": {
        "@wallberg13/date-util": "^1.0.0"
      }
    },
    "node_modules/@wallberg13/date-util": {
      "version": "1.0.0",
      "resolved": "http://localhost:4873/@wallberg13/date-util/-/date-util-1.0.0.tgz",
      "integrity": "sha512-FcaRmnbS+ERSE+EVxP+w2zmQsRpsYZcM+JeouoUhtLSn+j9r11KAL0tijBFKGI9HX4+RLuZNbOIhP5LnI/DSlg==",
      "dependencies": {
        "@wallberg13/string-util": "^1.0.0"
      }
    },
    "node_modules/@wallberg13/string-util": {
      "version": "1.0.0",
      "resolved": "http://localhost:4873/@wallberg13/string-util/-/string-util-1.0.0.tgz",
      "integrity": "sha512-DcNVkx2YlOQscHDNyHhBoF7iKN+37/DaYsASbKS5CNvGSD4A2sD1eoyhURRXotWg0tyYTcRgSLAvezlELDx50Q=="
    }
  },
  "dependencies": {
    "@wallberg13/date-util": {
      "version": "1.0.0",
      "resolved": "http://localhost:4873/@wallberg13/date-util/-/date-util-1.0.0.tgz",
      "integrity": "sha512-FcaRmnbS+ERSE+EVxP+w2zmQsRpsYZcM+JeouoUhtLSn+j9r11KAL0tijBFKGI9HX4+RLuZNbOIhP5LnI/DSlg==",
      "requires": {
        "@wallberg13/string-util": "^1.0.0"
      }
    },
    "@wallberg13/string-util": {
      "version": "1.0.0",
      "resolved": "http://localhost:4873/@wallberg13/string-util/-/string-util-1.0.0.tgz",
      "integrity": "sha512-DcNVkx2YlOQscHDNyHhBoF7iKN+37/DaYsASbKS5CNvGSD4A2sD1eoyhURRXotWg0tyYTcRgSLAvezlELDx50Q=="
    }
  }
}
