{
  "name": "myapp",
  "version": "1.0.0",
  "lockfileVersion": 2,
  "requires": true,
  "packages": {
    "": {
      "name": "myapp",
      "version": "1.0.0",
      "license": "ISC",
      "dependencies": {
        "@wallberg/fluentsql": "^2.0.0"
      }
    },
    "node_modules/@wallberg/fluentsql": {
      "version": "2.0.0",
      "resolved": "https://registry.npmjs.org/@wallberg/fluentsql/-/fluentsql-2.0.0.tgz",
      "integrity": "sha512-JkLb76zS+pOCBSX6GljdoTLnBTmEMai/juScU59CSm9kJEdEZuj0LYg/tZconFsBmzWPJfRcde8iDXAK8JG5OA=="
    }
  },
  "dependencies": {
    "@wallberg/fluentsql": {
      "version": "2.0.0",
      "resolved": "https://registry.npmjs.org/@wallberg/fluentsql/-/fluentsql-2.0.0.tgz",
      "integrity": "sha512-JkLb76zS+pOCBSX6GljdoTLnBTmEMai/juScU59CSm9kJEdEZuj0LYg/tZconFsBmzWPJfRcde8iDXAK8JG5OA=="
    }
  }
}
