{
  "name": "myapp",
  "version": "1.0.0",
  "lockfileVersion": 3,
  "requires": true,
  "packages": {
    "": {
      "name": "myapp",
      "version": "1.0.0",
      "license": "ISC",
      "dependencies": {
        "@wallberg/fluentsql": "^2.0.1"
      }
    },
    "node_modules/@wallberg/fluentsql": {
      "version": "2.0.1",
      "resolved": "https://registry.npmjs.org/@wallberg/fluentsql/-/fluentsql-2.0.1.tgz",
      "integrity": "sha512-AzSF5m6D4q4+Kgwz8rV0xXrQR3I/W6ZBFNxDT9IoA24NiNYZptwsjqgPRvH3RTBcwOTcg2DsdATh/9ELD3Dg1g==",
      "license": "ISC"
    }
  }
}